
Microsoft Visual Studio Solution File, Format Version 12.00
# Visual Studio 14
VisualStudioVersion = 14.0.25420.1
MinimumVisualStudioVersion = 10.0.40219.1
Project("{FAE04EC0-301F-11D3-BF4B-00C04F79EFBC}") = "PopupNavigationTest", "PopupNavigationTest\PopupNavigationTest\PopupNavigationTest.csproj", "{66033A1D-F875-427D-91D1-9A5F09AFFD4A}"
EndProject
Project("{FAE04EC0-301F-11D3-BF4B-00C04F79EFBC}") = "PopupNavigationTest.Droid", "PopupNavigationTest\PopupNavigationTest.Droid\PopupNavigationTest.Droid.csproj", "{F19A0646-0FB3-4637-AB03-1050F9175B33}"
EndProject
Project("{FAE04EC0-301F-11D3-BF4B-00C04F79EFBC}") = "PopupNavigationTest.iOS", "PopupNavigationTest\PopupNavigationTest.iOS\PopupNavigationTest.iOS.csproj", "{7A4087A7-6541-4FB3-ABD0-BA58CAAE933B}"
EndProject
Global
	GlobalSection(SolutionConfigurationPlatforms) = preSolution
		Ad-Hoc|Any CPU = Ad-Hoc|Any CPU
		Ad-Hoc|iPhone = Ad-Hoc|iPhone
		Ad-Hoc|iPhoneSimulator = Ad-Hoc|iPhoneSimulator
		AppStore|Any CPU = AppStore|Any CPU
		AppStore|iPhone = AppStore|iPhone
		AppStore|iPhoneSimulator = AppStore|iPhoneSimulator
		Debug|Any CPU = Debug|Any CPU
		Debug|iPhone = Debug|iPhone
		Debug|iPhoneSimulator = Debug|iPhoneSimulator
		Release|Any CPU = Release|Any CPU
		Release|iPhone = Release|iPhone
		Release|iPhoneSimulator = Release|iPhoneSimulator
	EndGlobalSection
	GlobalSection(ProjectConfigurationPlatforms) = postSolution
		{66033A1D-F875-427D-91D1-9A5F09AFFD4A}.Ad-Hoc|Any CPU.ActiveCfg = Release|Any CPU
		{66033A1D-F875-427D-91D1-9A5F09AFFD4A}.Ad-Hoc|Any CPU.Build.0 = Release|Any CPU
		{66033A1D-F875-427D-91D1-9A5F09AFFD4A}.Ad-Hoc|iPhone.ActiveCfg = Release|Any CPU
		{66033A1D-F875-427D-91D1-9A5F09AFFD4A}.Ad-Hoc|iPhone.Build.0 = Release|Any CPU
		{66033A1D-F875-427D-91D1-9A5F09AFFD4A}.Ad-Hoc|iPhoneSimulator.ActiveCfg = Release|Any CPU
		{66033A1D-F875-427D-91D1-9A5F09AFFD4A}.Ad-Hoc|iPhoneSimulator.Build.0 = Release|Any CPU
		{66033A1D-F875-427D-91D1-9A5F09AFFD4A}.AppStore|Any CPU.ActiveCfg = Release|Any CPU
		{66033A1D-F875-427D-91D1-9A5F09AFFD4A}.AppStore|Any CPU.Build.0 = Release|Any CPU
		{66033A1D-F875-427D-91D1-9A5F09AFFD4A}.AppStore|iPhone.ActiveCfg = Release|Any CPU
		{66033A1D-F875-427D-91D1-9A5F09AFFD4A}.AppStore|iPhone.Build.0 = Release|Any CPU
		{66033A1D-F875-427D-91D1-9A5F09AFFD4A}.AppStore|iPhoneSimulator.ActiveCfg = Release|Any CPU
		{66033A1D-F875-427D-91D1-9A5F09AFFD4A}.AppStore|iPhoneSimulator.Build.0 = Release|Any CPU
		{66033A1D-F875-427D-91D1-9A5F09AFFD4A}.Debug|Any CPU.ActiveCfg = Debug|Any CPU
		{66033A1D-F875-427D-91D1-9A5F09AFFD4A}.Debug|Any CPU.Build.0 = Debug|Any CPU
		{66033A1D-F875-427D-91D1-9A5F09AFFD4A}.Debug|iPhone.ActiveCfg = Debug|Any CPU
		{66033A1D-F875-427D-91D1-9A5F09AFFD4A}.Debug|iPhone.Build.0 = Debug|Any CPU
		{66033A1D-F875-427D-91D1-9A5F09AFFD4A}.Debug|iPhoneSimulator.ActiveCfg = Debug|Any CPU
		{66033A1D-F875-427D-91D1-9A5F09AFFD4A}.Debug|iPhoneSimulator.Build.0 = Debug|Any CPU
		{66033A1D-F875-427D-91D1-9A5F09AFFD4A}.Release|Any CPU.ActiveCfg = Release|Any CPU
		{66033A1D-F875-427D-91D1-9A5F09AFFD4A}.Release|Any CPU.Build.0 = Release|Any CPU
		{66033A1D-F875-427D-91D1-9A5F09AFFD4A}.Release|iPhone.ActiveCfg = Release|Any CPU
		{66033A1D-F875-427D-91D1-9A5F09AFFD4A}.Release|iPhone.Build.0 = Release|Any CPU
		{66033A1D-F875-427D-91D1-9A5F09AFFD4A}.Release|iPhoneSimulator.ActiveCfg = Release|Any CPU
		{66033A1D-F875-427D-91D1-9A5F09AFFD4A}.Release|iPhoneSimulator.Build.0 = Release|Any CPU
		{F19A0646-0FB3-4637-AB03-1050F9175B33}.Ad-Hoc|Any CPU.ActiveCfg = Release|Any CPU
		{F19A0646-0FB3-4637-AB03-1050F9175B33}.Ad-Hoc|Any CPU.Build.0 = Release|Any CPU
		{F19A0646-0FB3-4637-AB03-1050F9175B33}.Ad-Hoc|Any CPU.Deploy.0 = Release|Any CPU
		{F19A0646-0FB3-4637-AB03-1050F9175B33}.Ad-Hoc|iPhone.ActiveCfg = Release|Any CPU
		{F19A0646-0FB3-4637-AB03-1050F9175B33}.Ad-Hoc|iPhone.Build.0 = Release|Any CPU
		{F19A0646-0FB3-4637-AB03-1050F9175B33}.Ad-Hoc|iPhone.Deploy.0 = Release|Any CPU
		{F19A0646-0FB3-4637-AB03-1050F9175B33}.Ad-Hoc|iPhoneSimulator.ActiveCfg = Release|Any CPU
		{F19A0646-0FB3-4637-AB03-1050F9175B33}.Ad-Hoc|iPhoneSimulator.Build.0 = Release|Any CPU
		{F19A0646-0FB3-4637-AB03-1050F9175B33}.Ad-Hoc|iPhoneSimulator.Deploy.0 = Release|Any CPU
		{F19A0646-0FB3-4637-AB03-1050F9175B33}.AppStore|Any CPU.ActiveCfg = Release|Any CPU
		{F19A0646-0FB3-4637-AB03-1050F9175B33}.AppStore|Any CPU.Build.0 = Release|Any CPU
		{F19A0646-0FB3-4637-AB03-1050F9175B33}.AppStore|Any CPU.Deploy.0 = Release|Any CPU
		{F19A0646-0FB3-4637-AB03-1050F9175B33}.AppStore|iPhone.ActiveCfg = Release|Any CPU
		{F19A0646-0FB3-4637-AB03-1050F9175B33}.AppStore|iPhone.Build.0 = Release|Any CPU
		{F19A0646-0FB3-4637-AB03-1050F9175B33}.AppStore|iPhone.Deploy.0 = Release|Any CPU
		{F19A0646-0FB3-4637-AB03-1050F9175B33}.AppStore|iPhoneSimulator.ActiveCfg = Release|Any CPU
		{F19A0646-0FB3-4637-AB03-1050F9175B33}.AppStore|iPhoneSimulator.Build.0 = Release|Any CPU
		{F19A0646-0FB3-4637-AB03-1050F9175B33}.AppStore|iPhoneSimulator.Deploy.0 = Release|Any CPU
		{F19A0646-0FB3-4637-AB03-1050F9175B33}.Debug|Any CPU.ActiveCfg = Debug|Any CPU
		{F19A0646-0FB3-4637-AB03-1050F9175B33}.Debug|Any CPU.Build.0 = Debug|Any CPU
		{F19A0646-0FB3-4637-AB03-1050F9175B33}.Debug|Any CPU.Deploy.0 = Debug|Any CPU
		{F19A0646-0FB3-4637-AB03-1050F9175B33}.Debug|iPhone.ActiveCfg = Debug|Any CPU
		{F19A0646-0FB3-4637-AB03-1050F9175B33}.Debug|iPhone.Build.0 = Debug|Any CPU
		{F19A0646-0FB3-4637-AB03-1050F9175B33}.Debug|iPhone.Deploy.0 = Debug|Any CPU
		{F19A0646-0FB3-4637-AB03-1050F9175B33}.Debug|iPhoneSimulator.ActiveCfg = Debug|Any CPU
		{F19A0646-0FB3-4637-AB03-1050F9175B33}.Debug|iPhoneSimulator.Build.0 = Debug|Any CPU
		{F19A0646-0FB3-4637-AB03-1050F9175B33}.Debug|iPhoneSimulator.Deploy.0 = Debug|Any CPU
		{F19A0646-0FB3-4637-AB03-1050F9175B33}.Release|Any CPU.ActiveCfg = Release|Any CPU
		{F19A0646-0FB3-4637-AB03-1050F9175B33}.Release|Any CPU.Build.0 = Release|Any CPU
		{F19A0646-0FB3-4637-AB03-1050F9175B33}.Release|Any CPU.Deploy.0 = Release|Any CPU
		{F19A0646-0FB3-4637-AB03-1050F9175B33}.Release|iPhone.ActiveCfg = Release|Any CPU
		{F19A0646-0FB3-4637-AB03-1050F9175B33}.Release|iPhone.Build.0 = Release|Any CPU
		{F19A0646-0FB3-4637-AB03-1050F9175B33}.Release|iPhone.Deploy.0 = Release|Any CPU
		{F19A0646-0FB3-4637-AB03-1050F9175B33}.Release|iPhoneSimulator.ActiveCfg = Release|Any CPU
		{F19A0646-0FB3-4637-AB03-1050F9175B33}.Release|iPhoneSimulator.Build.0 = Release|Any CPU
		{F19A0646-0FB3-4637-AB03-1050F9175B33}.Release|iPhoneSimulator.Deploy.0 = Release|Any CPU
		{7A4087A7-6541-4FB3-ABD0-BA58CAAE933B}.Ad-Hoc|Any CPU.ActiveCfg = Ad-Hoc|iPhone
		{7A4087A7-6541-4FB3-ABD0-BA58CAAE933B}.Ad-Hoc|iPhone.ActiveCfg = Ad-Hoc|iPhone
		{7A4087A7-6541-4FB3-ABD0-BA58CAAE933B}.Ad-Hoc|iPhone.Build.0 = Ad-Hoc|iPhone
		{7A4087A7-6541-4FB3-ABD0-BA58CAAE933B}.Ad-Hoc|iPhoneSimulator.ActiveCfg = Ad-Hoc|iPhoneSimulator
		{7A4087A7-6541-4FB3-ABD0-BA58CAAE933B}.Ad-Hoc|iPhoneSimulator.Build.0 = Ad-Hoc|iPhoneSimulator
		{7A4087A7-6541-4FB3-ABD0-BA58CAAE933B}.AppStore|Any CPU.ActiveCfg = AppStore|iPhone
		{7A4087A7-6541-4FB3-ABD0-BA58CAAE933B}.AppStore|iPhone.ActiveCfg = AppStore|iPhone
		{7A4087A7-6541-4FB3-ABD0-BA58CAAE933B}.AppStore|iPhone.Build.0 = AppStore|iPhone
		{7A4087A7-6541-4FB3-ABD0-BA58CAAE933B}.AppStore|iPhoneSimulator.ActiveCfg = AppStore|iPhoneSimulator
		{7A4087A7-6541-4FB3-ABD0-BA58CAAE933B}.AppStore|iPhoneSimulator.Build.0 = AppStore|iPhoneSimulator
		{7A4087A7-6541-4FB3-ABD0-BA58CAAE933B}.Debug|Any CPU.ActiveCfg = Debug|iPhone
		{7A4087A7-6541-4FB3-ABD0-BA58CAAE933B}.Debug|iPhone.ActiveCfg = Debug|iPhone
		{7A4087A7-6541-4FB3-ABD0-BA58CAAE933B}.Debug|iPhone.Build.0 = Debug|iPhone
		{7A4087A7-6541-4FB3-ABD0-BA58CAAE933B}.Debug|iPhoneSimulator.ActiveCfg = Debug|iPhoneSimulator
		{7A4087A7-6541-4FB3-ABD0-BA58CAAE933B}.Debug|iPhoneSimulator.Build.0 = Debug|iPhoneSimulator
		{7A4087A7-6541-4FB3-ABD0-BA58CAAE933B}.Release|Any CPU.ActiveCfg = Release|iPhone
		{7A4087A7-6541-4FB3-ABD0-BA58CAAE933B}.Release|iPhone.ActiveCfg = Release|iPhone
		{7A4087A7-6541-4FB3-ABD0-BA58CAAE933B}.Release|iPhone.Build.0 = Release|iPhone
		{7A4087A7-6541-4FB3-ABD0-BA58CAAE933B}.Release|iPhoneSimulator.ActiveCfg = Release|iPhoneSimulator
		{7A4087A7-6541-4FB3-ABD0-BA58CAAE933B}.Release|iPhoneSimulator.Build.0 = Release|iPhoneSimulator
	EndGlobalSection
	GlobalSection(SolutionProperties) = preSolution
		HideSolutionNode = FALSE
	EndGlobalSection
EndGlobal
